
Microsoft Visual Studio Solution File, Format Version 12.00
# Visual Studio Version 16
VisualStudioVersion = 16.0.31911.196
MinimumVisualStudioVersion = 10.0.40219.1
Project("{FAE04EC0-301F-11D3-BF4B-00C04F79EFBC}") = "pdf", "pdf\pdf.csproj", "{8CB5F03D-55CC-49C6-BE00-6BE3B8CDE6B6}"
EndProject
Global
	GlobalSection(SolutionConfigurationPlatforms) = preSolution
		Debug|Any CPU = Debug|Any CPU
		Release|Any CPU = Release|Any CPU
	EndGlobalSection
	GlobalSection(ProjectConfigurationPlatforms) = postSolution
		{8CB5F03D-55CC-49C6-BE00-6BE3B8CDE6B6}.Debug|Any CPU.ActiveCfg = Debug|Any CPU
		{8CB5F03D-55CC-49C6-BE00-6BE3B8CDE6B6}.Debug|Any CPU.Build.0 = Debug|Any CPU
		{8CB5F03D-55CC-49C6-BE00-6BE3B8CDE6B6}.Release|Any CPU.ActiveCfg = Release|Any CPU
		{8CB5F03D-55CC-49C6-BE00-6BE3B8CDE6B6}.Release|Any CPU.Build.0 = Release|Any CPU
	EndGlobalSection
	GlobalSection(SolutionProperties) = preSolution
		HideSolutionNode = FALSE
	EndGlobalSection
	GlobalSection(ExtensibilityGlobals) = postSolution
		SolutionGuid = {D1E472AC-EBF3-42D1-83AC-4233801234C5}
	EndGlobalSection
EndGlobal
